
Microsoft Visual Studio Solution File, Format Version 12.00
# Visual Studio Version 17
VisualStudioVersion = 17.11.35312.102
MinimumVisualStudioVersion = 10.0.40219.1
Project("{FAE04EC0-301F-11D3-BF4B-00C04F79EFBC}") = "ShippingCostCalculator", "ShippingCostCalculator\ShippingCostCalculator.csproj", "{4129ED4E-9EE7-4F8C-9632-771C18ECD040}"
EndProject
Global
	GlobalSection(SolutionConfigurationPlatforms) = preSolution
		Debug|Any CPU = Debug|Any CPU
		Release|Any CPU = Release|Any CPU
	EndGlobalSection
	GlobalSection(ProjectConfigurationPlatforms) = postSolution
		{4129ED4E-9EE7-4F8C-9632-771C18ECD040}.Debug|Any CPU.ActiveCfg = Debug|Any CPU
		{4129ED4E-9EE7-4F8C-9632-771C18ECD040}.Debug|Any CPU.Build.0 = Debug|Any CPU
		{4129ED4E-9EE7-4F8C-9632-771C18ECD040}.Release|Any CPU.ActiveCfg = Release|Any CPU
		{4129ED4E-9EE7-4F8C-9632-771C18ECD040}.Release|Any CPU.Build.0 = Release|Any CPU
	EndGlobalSection
	GlobalSection(SolutionProperties) = preSolution
		HideSolutionNode = FALSE
	EndGlobalSection
	GlobalSection(ExtensibilityGlobals) = postSolution
		SolutionGuid = {FC72BBE3-24D5-4B15-85A2-07436C08C497}
	EndGlobalSection
EndGlobal
